# This file is automatically @generated by Cargo.
# It is not intended for manual editing.
version = 3

[[package]]
name = "andrew"
version = "0.2.1"
source = "registry+https://github.com/rust-lang/crates.io-index"
checksum = "9b7f09f89872c2b6b29e319377b1fbe91c6f5947df19a25596e121cf19a7b35e"
dependencies = [
 "bitflags",
 "line_drawing",
 "rusttype 0.7.9",
 "walkdir",
 "xdg",
 "xml-rs",
]

[[package]]
name = "android_glue"
version = "0.2.3"
source = "registry+https://github.com/rust-lang/crates.io-index"
checksum = "000444226fcff248f2bc4c7625be32c63caccfecc2723a2b9f78a7487a49c407"

[[package]]
name = "ansi_term"
version = "0.11.0"
source = "registry+https://github.com/rust-lang/crates.io-index"
checksum = "ee49baf6cb617b853aa8d93bf420db2383fab46d314482ca2803b40d5fde979b"
dependencies = [
 "winapi 0.3.8",
]

[[package]]
name = "approx"
version = "0.3.2"
source = "registry+https://github.com/rust-lang/crates.io-index"
checksum = "f0e60b75072ecd4168020818c0107f2857bb6c4e64252d8d3983f6263b40a5c3"
dependencies = [
 "num-traits",
]

[[package]]
name = "arrayvec"
version = "0.5.1"
source = "registry+https://github.com/rust-lang/crates.io-index"
checksum = "cff77d8686867eceff3105329d4698d96c2391c176d5d03adc90c7389162b5b8"

[[package]]
name = "atty"
version = "0.2.13"
source = "registry+https://github.com/rust-lang/crates.io-index"
checksum = "1803c647a3ec87095e7ae7acfca019e98de5ec9a7d01343f611cf3152ed71a90"
dependencies = [
 "libc",
 "winapi 0.3.8",
]

[[package]]
name = "autocfg"
version = "0.1.6"
source = "registry+https://github.com/rust-lang/crates.io-index"
checksum = "b671c8fb71b457dd4ae18c4ba1e59aa81793daacc361d82fcd410cef0d491875"

[[package]]
name = "backtrace"
version = "0.3.38"
source = "registry+https://github.com/rust-lang/crates.io-index"
checksum = "690a62be8920ccf773ee00ef0968649b0e724cda8bd5b12286302b4ae955fdf5"
dependencies = [
 "backtrace-sys",
 "cfg-if",
 "libc",
 "rustc-demangle",
]

[[package]]
name = "backtrace-sys"
version = "0.1.31"
source = "registry+https://github.com/rust-lang/crates.io-index"
checksum = "82a830b4ef2d1124a711c71d263c5abdc710ef8e907bd508c88be475cebc422b"
dependencies = [
 "cc",
 "libc",
]

[[package]]
name = "bitflags"
version = "1.2.0"
source = "registry+https://github.com/rust-lang/crates.io-index"
checksum = "8a606a02debe2813760609f57a64a2ffd27d9fdf5b2f133eaca0b248dd92cdd2"

[[package]]
name = "block"
version = "0.1.6"
source = "registry+https://github.com/rust-lang/crates.io-index"
checksum = "0d8c1fef690941d3e7788d328517591fecc684c084084702d6ff1641e993699a"

[[package]]
name = "byteorder"
version = "1.3.2"
source = "registry+https://github.com/rust-lang/crates.io-index"
checksum = "a7c3dd8985a7111efc5c80b44e23ecdd8c007de8ade3b96595387e812b957cf5"

[[package]]
name = "calloop"
version = "0.4.4"
source = "registry+https://github.com/rust-lang/crates.io-index"
checksum = "7aa2097be53a00de9e8fc349fea6d76221f398f5c4fa550d420669906962d160"
dependencies = [
 "mio",
 "mio-extras",
 "nix",
]

[[package]]
name = "cc"
version = "1.0.45"
source = "registry+https://github.com/rust-lang/crates.io-index"
checksum = "4fc9a35e1f4290eb9e5fc54ba6cf40671ed2a2514c3eeb2b2a908dda2ea5a1be"

[[package]]
name = "cfg-if"
version = "0.1.10"
source = "registry+https://github.com/rust-lang/crates.io-index"
checksum = "4785bdd1c96b2a846b2bd7cc02e86b6b3dbf14e7e53446c4f54c92a361040822"

[[package]]
name = "cgl"
version = "0.2.3"
source = "registry+https://github.com/rust-lang/crates.io-index"
checksum = "55e7ec0b74fe5897894cbc207092c577e87c52f8a59e8ca8d97ef37551f60a49"
dependencies = [
 "gleam",
 "libc",
]

[[package]]
name = "cgmath"
version = "0.17.0"
source = "registry+https://github.com/rust-lang/crates.io-index"
checksum = "283944cdecc44bf0b8dd010ec9af888d3b4f142844fdbe026c20ef68148d6fe7"
dependencies = [
 "approx",
 "num-traits",
 "rand",
]

[[package]]
name = "clap"
version = "2.33.0"
source = "registry+https://github.com/rust-lang/crates.io-index"
checksum = "5067f5bb2d80ef5d68b4c87db81601f0b75bca627bc2ef76b141d7b846a3c6d9"
dependencies = [
 "ansi_term",
 "atty",
 "bitflags",
 "strsim",
 "textwrap",
 "unicode-width",
 "vec_map",
]

[[package]]
name = "cloudabi"
version = "0.0.3"
source = "registry+https://github.com/rust-lang/crates.io-index"
checksum = "ddfc5b9aa5d4507acaf872de71051dfd0e309860e88966e1051e462a077aac4f"
dependencies = [
 "bitflags",
]

[[package]]
name = "cocoa"
version = "0.18.4"
source = "registry+https://github.com/rust-lang/crates.io-index"
checksum = "cf79daa4e11e5def06e55306aa3601b87de6b5149671529318da048f67cdd77b"
dependencies = [
 "bitflags",
 "block",
 "core-foundation",
 "core-graphics",
 "foreign-types",
 "libc",
 "objc",
]

[[package]]
name = "core-foundation"
version = "0.6.4"
source = "registry+https://github.com/rust-lang/crates.io-index"
checksum = "25b9e03f145fd4f2bf705e07b900cd41fc636598fe5dc452fd0db1441c3f496d"
dependencies = [
 "core-foundation-sys",
 "libc",
]

[[package]]
name = "core-foundation-sys"
version = "0.6.2"
source = "registry+https://github.com/rust-lang/crates.io-index"
checksum = "e7ca8a5221364ef15ce201e8ed2f609fc312682a8f4e0e3d4aa5879764e0fa3b"

[[package]]
name = "core-graphics"
version = "0.17.3"
source = "registry+https://github.com/rust-lang/crates.io-index"
checksum = "56790968ab1c8a1202a102e6de05fc6e1ec87da99e4e93e9a7d13efbfc1e95a9"
dependencies = [
 "bitflags",
 "core-foundation",
 "foreign-types",
 "libc",
]

[[package]]
name = "core-video-sys"
version = "0.1.3"
source = "registry+https://github.com/rust-lang/crates.io-index"
checksum = "8dc065219542086f72d1e9f7aadbbab0989e980263695d129d502082d063a9d0"
dependencies = [
 "cfg-if",
 "core-foundation-sys",
 "core-graphics",
 "libc",
 "objc",
]

[[package]]
name = "derivative"
version = "1.0.3"
source = "registry+https://github.com/rust-lang/crates.io-index"
checksum = "942ca430eef7a3806595a6737bc388bf51adb888d3fc0dd1b50f1c170167ee3a"
dependencies = [
 "proc-macro2",
 "quote",
 "syn",
]

[[package]]
name = "dispatch"
version = "0.1.4"
source = "registry+https://github.com/rust-lang/crates.io-index"
checksum = "04e93ca78226c51902d7aa8c12c988338aadd9e85ed9c6be8aaac39192ff3605"

[[package]]
name = "dlib"
version = "0.4.1"
source = "registry+https://github.com/rust-lang/crates.io-index"
checksum = "77e51249a9d823a4cb79e3eca6dcd756153e8ed0157b6c04775d04bf1b13b76a"
dependencies = [
 "libloading",
]

[[package]]
name = "downcast-rs"
version = "1.1.0"
source = "registry+https://github.com/rust-lang/crates.io-index"
checksum = "5fe414cc2fd4447b7da94b27ddfb6831a8a06f35f6d077ab5613ec703866c49a"

[[package]]
name = "fnv"
version = "1.0.6"
source = "registry+https://github.com/rust-lang/crates.io-index"
checksum = "2fad85553e09a6f881f739c29f0b00b0f01357c743266d478b68951ce23285f3"

[[package]]
name = "foreign-types"
version = "0.3.2"
source = "registry+https://github.com/rust-lang/crates.io-index"
checksum = "f6f339eb8adc052cd2ca78910fda869aefa38d22d5cb648e6485e4d3fc06f3b1"
dependencies = [
 "foreign-types-shared",
]

[[package]]
name = "foreign-types-shared"
version = "0.1.1"
source = "registry+https://github.com/rust-lang/crates.io-index"
checksum = "00b0228411908ca8685dba7fc2cdd70ec9990a6e753e89b6ac91a84c40fbaf4b"

[[package]]
name = "fuchsia-cprng"
version = "0.1.1"
source = "registry+https://github.com/rust-lang/crates.io-index"
checksum = "a06f77d526c1a601b7c4cdd98f54b5eaabffc14d5f2f0296febdc7f357c6d3ba"

[[package]]
name = "fuchsia-zircon"
version = "0.3.3"
source = "registry+https://github.com/rust-lang/crates.io-index"
checksum = "2e9763c69ebaae630ba35f74888db465e49e259ba1bc0eda7d06f4a067615d82"
dependencies = [
 "bitflags",
 "fuchsia-zircon-sys",
]

[[package]]
name = "fuchsia-zircon-sys"
version = "0.3.3"
source = "registry+https://github.com/rust-lang/crates.io-index"
checksum = "3dcaa9ae7725d12cdb85b3ad99a434db70b468c09ded17e012d86b5c1010f7a7"

[[package]]
name = "gl_generator"
version = "0.11.0"
source = "registry+https://github.com/rust-lang/crates.io-index"
checksum = "39a23d5e872a275135d66895d954269cf5e8661d234eb1c2480f4ce0d586acbd"
dependencies = [
 "khronos_api",
 "log",
 "xml-rs",
]

[[package]]
name = "gl_generator"
version = "0.13.1"
source = "registry+https://github.com/rust-lang/crates.io-index"
checksum = "ca98bbde17256e02d17336a6bdb5a50f7d0ccacee502e191d3e3d0ec2f96f84a"
dependencies = [
 "khronos_api",
 "log",
 "xml-rs",
]

[[package]]
name = "gleam"
version = "0.6.19"
source = "registry+https://github.com/rust-lang/crates.io-index"
checksum = "cae10d7c99d0e77b4766e850a60898a17c1abaf01075531f1066f03dc7dc5fc5"
dependencies = [
 "gl_generator 0.13.1",
]

[[package]]
name = "glium"
version = "0.26.0-alpha3"
source = "registry+https://github.com/rust-lang/crates.io-index"
checksum = "6bee612fdce7f0cb153ae42c15653d79faf1b1a053ef8afdf35839cb52f85b3f"
dependencies = [
 "backtrace",
 "fnv",
 "gl_generator 0.13.1",
 "glutin",
 "lazy_static",
 "smallvec",
 "takeable-option",
]

[[package]]
name = "glutin"
version = "0.22.0-alpha3"
source = "registry+https://github.com/rust-lang/crates.io-index"
checksum = "fcdd3592b515014281a21a42addd91f41eaff0c5f54295ee28dac8ea6bbbceba"
dependencies = [
 "android_glue",
 "cgl",
 "cocoa",
 "core-foundation",
 "core-graphics",
 "derivative",
 "glutin_egl_sys",
 "glutin_emscripten_sys",
 "glutin_gles2_sys",
 "glutin_glx_sys",
 "glutin_wgl_sys",
 "lazy_static",
 "libloading",
 "log",
 "objc",
 "osmesa-sys",
 "parking_lot 0.8.0",
 "wayland-client",
 "winapi 0.3.8",
 "winit",
]

[[package]]
name = "glutin_egl_sys"
version = "0.1.3"
source = "registry+https://github.com/rust-lang/crates.io-index"
checksum = "23f48987ab6cb2b61ad903b59e54a2fd0c380a7baff68cffd6826b69a73dd326"
dependencies = [
 "gl_generator 0.11.0",
 "winapi 0.3.8",
]

[[package]]
name = "glutin_emscripten_sys"
version = "0.1.0"
source = "registry+https://github.com/rust-lang/crates.io-index"
checksum = "245b3fdb08df6ffed7585365851f8404af9c7e2dd4b59f15262e968b6a95a0c7"

[[package]]
name = "glutin_gles2_sys"
version = "0.1.3"
source = "registry+https://github.com/rust-lang/crates.io-index"
checksum = "89996c30857ae1b4de4b5189abf1ea822a20a9fe9e1c93e5e7b862ff0bdd5cdf"
dependencies = [
 "gl_generator 0.11.0",
 "objc",
]

[[package]]
name = "glutin_glx_sys"
version = "0.1.5"
source = "registry+https://github.com/rust-lang/crates.io-index"
checksum = "1290a5ca5e46fcfa7f66f949cc9d9194b2cb6f2ed61892c8c2b82343631dba57"
dependencies = [
 "gl_generator 0.11.0",
 "x11-dl",
]

[[package]]
name = "glutin_wgl_sys"
version = "0.1.3"
source = "registry+https://github.com/rust-lang/crates.io-index"
checksum = "f801bbc91efc22dd1c4818a47814fc72bf74d024510451b119381579bfa39021"
dependencies = [
 "gl_generator 0.11.0",
]

[[package]]
name = "iovec"
version = "0.1.4"
source = "registry+https://github.com/rust-lang/crates.io-index"
checksum = "b2b3ea6ff95e175473f8ffe6a7eb7c00d054240321b84c57051175fe3c1e075e"
dependencies = [
 "libc",
]

[[package]]
name = "kernel32-sys"
version = "0.2.2"
source = "registry+https://github.com/rust-lang/crates.io-index"
checksum = "7507624b29483431c0ba2d82aece8ca6cdba9382bff4ddd0f7490560c056098d"
dependencies = [
 "winapi 0.2.8",
 "winapi-build",
]

[[package]]
name = "khronos_api"
version = "3.1.0"
source = "registry+https://github.com/rust-lang/crates.io-index"
checksum = "e2db585e1d738fc771bf08a151420d3ed193d9d895a36df7f6f8a9456b911ddc"

[[package]]
name = "kv6view-rs"
version = "0.1.0"
dependencies = [
 "byteorder",
 "cgmath",
 "clap",
 "glium",
]

[[package]]
name = "lazy_static"
version = "1.4.0"
source = "registry+https://github.com/rust-lang/crates.io-index"
checksum = "e2abad23fbc42b3700f2f279844dc832adb2b2eb069b2df918f455c4e18cc646"

[[package]]
name = "lazycell"
version = "1.2.1"
source = "registry+https://github.com/rust-lang/crates.io-index"
checksum = "b294d6fa9ee409a054354afc4352b0b9ef7ca222c69b8812cbea9e7d2bf3783f"

[[package]]
name = "libc"
version = "0.2.62"
source = "registry+https://github.com/rust-lang/crates.io-index"
checksum = "34fcd2c08d2f832f376f4173a231990fa5aef4e99fb569867318a227ef4c06ba"

[[package]]
name = "libloading"
version = "0.5.2"
source = "registry+https://github.com/rust-lang/crates.io-index"
checksum = "f2b111a074963af1d37a139918ac6d49ad1d0d5e47f72fd55388619691a7d753"
dependencies = [
 "cc",
 "winapi 0.3.8",
]

[[package]]
name = "line_drawing"
version = "0.7.0"
source = "registry+https://github.com/rust-lang/crates.io-index"
checksum = "5cc7ad3d82c845bdb5dde34ffdcc7a5fb4d2996e1e1ee0f19c33bc80e15196b9"
dependencies = [
 "num-traits",
]

[[package]]
name = "lock_api"
version = "0.2.0"
source = "registry+https://github.com/rust-lang/crates.io-index"
checksum = "ed946d4529956a20f2d63ebe1b69996d5a2137c91913fe3ebbeff957f5bca7ff"
dependencies = [
 "scopeguard",
]

[[package]]
name = "lock_api"
version = "0.3.1"
source = "registry+https://github.com/rust-lang/crates.io-index"
checksum = "f8912e782533a93a167888781b836336a6ca5da6175c05944c86cf28c31104dc"
dependencies = [
 "scopeguard",
]

[[package]]
name = "log"
version = "0.4.8"
source = "registry+https://github.com/rust-lang/crates.io-index"
checksum = "14b6052be84e6b71ab17edffc2eeabf5c2c3ae1fdb464aae35ac50c67a44e1f7"
dependencies = [
 "cfg-if",
]

[[package]]
name = "malloc_buf"
version = "0.0.6"
source = "registry+https://github.com/rust-lang/crates.io-index"
checksum = "62bb907fe88d54d8d9ce32a3cceab4218ed2f6b7d35617cafe9adf84e43919cb"
dependencies = [
 "libc",
]

[[package]]
name = "maybe-uninit"
version = "2.0.0"
source = "registry+https://github.com/rust-lang/crates.io-index"
checksum = "60302e4db3a61da70c0cb7991976248362f30319e88850c487b9b95bbf059e00"

[[package]]
name = "memmap"
version = "0.7.0"
source = "registry+https://github.com/rust-lang/crates.io-index"
checksum = "6585fd95e7bb50d6cc31e20d4cf9afb4e2ba16c5846fc76793f11218da9c475b"
dependencies = [
 "libc",
 "winapi 0.3.8",
]

[[package]]
name = "mio"
version = "0.6.19"
source = "registry+https://github.com/rust-lang/crates.io-index"
checksum = "83f51996a3ed004ef184e16818edc51fadffe8e7ca68be67f9dee67d84d0ff23"
dependencies = [
 "fuchsia-zircon",
 "fuchsia-zircon-sys",
 "iovec",
 "kernel32-sys",
 "libc",
 "log",
 "miow",
 "net2",
 "slab",
 "winapi 0.2.8",
]

[[package]]
name = "mio-extras"
version = "2.0.5"
source = "registry+https://github.com/rust-lang/crates.io-index"
checksum = "46e73a04c2fa6250b8d802134d56d554a9ec2922bf977777c805ea5def61ce40"
dependencies = [
 "lazycell",
 "log",
 "mio",
 "slab",
]

[[package]]
name = "miow"
version = "0.2.2"
source = "registry+https://github.com/rust-lang/crates.io-index"
checksum = "ebd808424166322d4a38da87083bfddd3ac4c131334ed55856112eb06d46944d"
dependencies = [
 "kernel32-sys",
 "net2",
 "winapi 0.2.8",
 "ws2_32-sys",
]

[[package]]
name = "net2"
version = "0.2.37"
source = "registry+https://github.com/rust-lang/crates.io-index"
checksum = "391630d12b68002ae1e25e8f974306474966550ad82dac6886fb8910c19568ae"
dependencies = [
 "cfg-if",
 "libc",
 "winapi 0.3.8",
]

[[package]]
name = "nix"
version = "0.14.1"
source = "registry+https://github.com/rust-lang/crates.io-index"
checksum = "6c722bee1037d430d0f8e687bbdbf222f27cc6e4e68d5caf630857bb2b6dbdce"
dependencies = [
 "bitflags",
 "cc",
 "cfg-if",
 "libc",
 "void",
]

[[package]]
name = "num-traits"
version = "0.2.8"
source = "registry+https://github.com/rust-lang/crates.io-index"
checksum = "6ba9a427cfca2be13aa6f6403b0b7e7368fe982bfa16fccc450ce74c46cd9b32"
dependencies = [
 "autocfg",
]

[[package]]
name = "objc"
version = "0.2.6"
source = "registry+https://github.com/rust-lang/crates.io-index"
checksum = "31d20fd2b37e07cf5125be68357b588672e8cefe9a96f8c17a9d46053b3e590d"
dependencies = [
 "malloc_buf",
]

[[package]]
name = "ordered-float"
version = "1.0.2"
source = "registry+https://github.com/rust-lang/crates.io-index"
checksum = "18869315e81473c951eb56ad5558bbc56978562d3ecfb87abb7a1e944cea4518"
dependencies = [
 "num-traits",
]

[[package]]
name = "osmesa-sys"
version = "0.1.2"
source = "registry+https://github.com/rust-lang/crates.io-index"
checksum = "88cfece6e95d2e717e0872a7f53a8684712ad13822a7979bc760b9c77ec0013b"
dependencies = [
 "shared_library",
]

[[package]]
name = "parking_lot"
version = "0.8.0"
source = "registry+https://github.com/rust-lang/crates.io-index"
checksum = "fa7767817701cce701d5585b9c4db3cdd02086398322c1d7e8bf5094a96a2ce7"
dependencies = [
 "lock_api 0.2.0",
 "parking_lot_core 0.5.0",
 "rustc_version",
]

[[package]]
name = "parking_lot"
version = "0.9.0"
source = "registry+https://github.com/rust-lang/crates.io-index"
checksum = "f842b1982eb6c2fe34036a4fbfb06dd185a3f5c8edfaacdf7d1ea10b07de6252"
dependencies = [
 "lock_api 0.3.1",
 "parking_lot_core 0.6.2",
 "rustc_version",
]

[[package]]
name = "parking_lot_core"
version = "0.5.0"
source = "registry+https://github.com/rust-lang/crates.io-index"
checksum = "cb88cb1cb3790baa6776844f968fea3be44956cf184fa1be5a03341f5491278c"
dependencies = [
 "cfg-if",
 "cloudabi",
 "libc",
 "rand",
 "redox_syscall",
 "rustc_version",
 "smallvec",
 "winapi 0.3.8",
]

[[package]]
name = "parking_lot_core"
version = "0.6.2"
source = "registry+https://github.com/rust-lang/crates.io-index"
checksum = "b876b1b9e7ac6e1a74a6da34d25c42e17e8862aa409cbbbdcfc8d86c6f3bc62b"
dependencies = [
 "cfg-if",
 "cloudabi",
 "libc",
 "redox_syscall",
 "rustc_version",
 "smallvec",
 "winapi 0.3.8",
]

[[package]]
name = "percent-encoding"
version = "2.1.0"
source = "registry+https://github.com/rust-lang/crates.io-index"
checksum = "d4fd5641d01c8f18a23da7b6fe29298ff4b55afcccdf78973b24cf3175fee32e"

[[package]]
name = "pkg-config"
version = "0.3.16"
source = "registry+https://github.com/rust-lang/crates.io-index"
checksum = "72d5370d90f49f70bd033c3d75e87fc529fbfff9d6f7cccef07d6170079d91ea"

[[package]]
name = "proc-macro2"
version = "0.4.30"
source = "registry+https://github.com/rust-lang/crates.io-index"
checksum = "cf3d2011ab5c909338f7887f4fc896d35932e29146c12c8d01da6b22a80ba759"
dependencies = [
 "unicode-xid",
]

[[package]]
name = "quote"
version = "0.6.13"
source = "registry+https://github.com/rust-lang/crates.io-index"
checksum = "6ce23b6b870e8f94f81fb0a363d65d86675884b34a09043c81e5562f11c1f8e1"
dependencies = [
 "proc-macro2",
]

[[package]]
name = "rand"
version = "0.6.5"
source = "registry+https://github.com/rust-lang/crates.io-index"
checksum = "6d71dacdc3c88c1fde3885a3be3fbab9f35724e6ce99467f7d9c5026132184ca"
dependencies = [
 "autocfg",
 "libc",
 "rand_chacha",
 "rand_core 0.4.2",
 "rand_hc",
 "rand_isaac",
 "rand_jitter",
 "rand_os",
 "rand_pcg",
 "rand_xorshift",
 "winapi 0.3.8",
]

[[package]]
name = "rand_chacha"
version = "0.1.1"
source = "registry+https://github.com/rust-lang/crates.io-index"
checksum = "556d3a1ca6600bfcbab7c7c91ccb085ac7fbbcd70e008a98742e7847f4f7bcef"
dependencies = [
 "autocfg",
 "rand_core 0.3.1",
]

[[package]]
name = "rand_core"
version = "0.3.1"
source = "registry+https://github.com/rust-lang/crates.io-index"
checksum = "7a6fdeb83b075e8266dcc8762c22776f6877a63111121f5f8c7411e5be7eed4b"
dependencies = [
 "rand_core 0.4.2",
]

[[package]]
name = "rand_core"
version = "0.4.2"
source = "registry+https://github.com/rust-lang/crates.io-index"
checksum = "9c33a3c44ca05fa6f1807d8e6743f3824e8509beca625669633be0acbdf509dc"

[[package]]
name = "rand_hc"
version = "0.1.0"
source = "registry+https://github.com/rust-lang/crates.io-index"
checksum = "7b40677c7be09ae76218dc623efbf7b18e34bced3f38883af07bb75630a21bc4"
dependencies = [
 "rand_core 0.3.1",
]

[[package]]
name = "rand_isaac"
version = "0.1.1"
source = "registry+https://github.com/rust-lang/crates.io-index"
checksum = "ded997c9d5f13925be2a6fd7e66bf1872597f759fd9dd93513dd7e92e5a5ee08"
dependencies = [
 "rand_core 0.3.1",
]

[[package]]
name = "rand_jitter"
version = "0.1.4"
source = "registry+https://github.com/rust-lang/crates.io-index"
checksum = "1166d5c91dc97b88d1decc3285bb0a99ed84b05cfd0bc2341bdf2d43fc41e39b"
dependencies = [
 "libc",
 "rand_core 0.4.2",
 "winapi 0.3.8",
]

[[package]]
name = "rand_os"
version = "0.1.3"
source = "registry+https://github.com/rust-lang/crates.io-index"
checksum = "7b75f676a1e053fc562eafbb47838d67c84801e38fc1ba459e8f180deabd5071"
dependencies = [
 "cloudabi",
 "fuchsia-cprng",
 "libc",
 "rand_core 0.4.2",
 "rdrand",
 "winapi 0.3.8",
]

[[package]]
name = "rand_pcg"
version = "0.1.2"
source = "registry+https://github.com/rust-lang/crates.io-index"
checksum = "abf9b09b01790cfe0364f52bf32995ea3c39f4d2dd011eac241d2914146d0b44"
dependencies = [
 "autocfg",
 "rand_core 0.4.2",
]

[[package]]
name = "rand_xorshift"
version = "0.1.1"
source = "registry+https://github.com/rust-lang/crates.io-index"
checksum = "cbf7e9e623549b0e21f6e97cf8ecf247c1a8fd2e8a992ae265314300b2455d5c"
dependencies = [
 "rand_core 0.3.1",
]

[[package]]
name = "raw-window-handle"
version = "0.1.2"
source = "registry+https://github.com/rust-lang/crates.io-index"
checksum = "af3d3b2e1053b3ff2171efc29a8bff3439ce6b2ce6a0432695134bc1c7ff8e87"
dependencies = [
 "libc",
]

[[package]]
name = "rdrand"
version = "0.4.0"
source = "registry+https://github.com/rust-lang/crates.io-index"
checksum = "678054eb77286b51581ba43620cc911abf02758c91f93f479767aed0f90458b2"
dependencies = [
 "rand_core 0.3.1",
]

[[package]]
name = "redox_syscall"
version = "0.1.56"
source = "registry+https://github.com/rust-lang/crates.io-index"
checksum = "2439c63f3f6139d1b57529d16bc3b8bb855230c8efcc5d3a896c8bea7c3b1e84"

[[package]]
name = "rustc-demangle"
version = "0.1.16"
source = "registry+https://github.com/rust-lang/crates.io-index"
checksum = "4c691c0e608126e00913e33f0ccf3727d5fc84573623b8d65b2df340b5201783"

[[package]]
name = "rustc_version"
version = "0.2.3"
source = "registry+https://github.com/rust-lang/crates.io-index"
checksum = "138e3e0acb6c9fb258b19b67cb8abd63c00679d2851805ea151465464fe9030a"
dependencies = [
 "semver",
]

[[package]]
name = "rusttype"
version = "0.7.9"
source = "registry+https://github.com/rust-lang/crates.io-index"
checksum = "310942406a39981bed7e12b09182a221a29e0990f3e7e0c971f131922ed135d5"
dependencies = [
 "rusttype 0.8.1",
]

[[package]]
name = "rusttype"
version = "0.8.1"
source = "registry+https://github.com/rust-lang/crates.io-index"
checksum = "6fa38506b5cbf2fb67f915e2725cb5012f1b9a785b0ab55c4733acda5f6554ef"
dependencies = [
 "approx",
 "arrayvec",
 "ordered-float",
 "stb_truetype",
]

[[package]]
name = "same-file"
version = "1.0.5"
source = "registry+https://github.com/rust-lang/crates.io-index"
checksum = "585e8ddcedc187886a30fa705c47985c3fa88d06624095856b36ca0b82ff4421"
dependencies = [
 "winapi-util",
]

[[package]]
name = "scopeguard"
version = "1.0.0"
source = "registry+https://github.com/rust-lang/crates.io-index"
checksum = "b42e15e59b18a828bbf5c58ea01debb36b9b096346de35d941dcb89009f24a0d"

[[package]]
name = "semver"
version = "0.9.0"
source = "registry+https://github.com/rust-lang/crates.io-index"
checksum = "1d7eb9ef2c18661902cc47e535f9bc51b78acd254da71d375c2f6720d9a40403"
dependencies = [
 "semver-parser",
]

[[package]]
name = "semver-parser"
version = "0.7.0"
source = "registry+https://github.com/rust-lang/crates.io-index"
checksum = "388a1df253eca08550bef6c72392cfe7c30914bf41df5269b68cbd6ff8f570a3"

[[package]]
name = "shared_library"
version = "0.1.9"
source = "registry+https://github.com/rust-lang/crates.io-index"
checksum = "5a9e7e0f2bfae24d8a5b5a66c5b257a83c7412304311512a0c054cd5e619da11"
dependencies = [
 "lazy_static",
 "libc",
]

[[package]]
name = "slab"
version = "0.4.2"
source = "registry+https://github.com/rust-lang/crates.io-index"
checksum = "c111b5bd5695e56cffe5129854aa230b39c93a305372fdbb2668ca2394eea9f8"

[[package]]
name = "smallvec"
version = "0.6.10"
source = "registry+https://github.com/rust-lang/crates.io-index"
checksum = "ab606a9c5e214920bb66c458cd7be8ef094f813f20fe77a54cc7dbfff220d4b7"

[[package]]
name = "smithay-client-toolkit"
version = "0.6.4"
source = "registry+https://github.com/rust-lang/crates.io-index"
checksum = "93960e8975909fcb14cc755de93af2149d8b8f4eb368315537d40cfd0f324054"
dependencies = [
 "andrew",
 "bitflags",
 "dlib",
 "lazy_static",
 "memmap",
 "nix",
 "wayland-client",
 "wayland-protocols",
]

[[package]]
name = "stb_truetype"
version = "0.3.0"
source = "registry+https://github.com/rust-lang/crates.io-index"
checksum = "824210d6fb52cbc3ad2545270ead6860c7311aa5450642b078da4515937b6f7a"
dependencies = [
 "byteorder",
]

[[package]]
name = "strsim"
version = "0.8.0"
source = "registry+https://github.com/rust-lang/crates.io-index"
checksum = "8ea5119cdb4c55b55d432abb513a0429384878c15dde60cc77b1c99de1a95a6a"

[[package]]
name = "syn"
version = "0.15.44"
source = "registry+https://github.com/rust-lang/crates.io-index"
checksum = "9ca4b3b69a77cbe1ffc9e198781b7acb0c7365a883670e8f1c1bc66fba79a5c5"
dependencies = [
 "proc-macro2",
 "quote",
 "unicode-xid",
]

[[package]]
name = "takeable-option"
version = "0.5.0"
source = "registry+https://github.com/rust-lang/crates.io-index"
checksum = "36ae8932fcfea38b7d3883ae2ab357b0d57a02caaa18ebb4f5ece08beaec4aa0"

[[package]]
name = "textwrap"
version = "0.11.0"
source = "registry+https://github.com/rust-lang/crates.io-index"
checksum = "d326610f408c7a4eb6f51c37c330e496b08506c9457c9d34287ecc38809fb060"
dependencies = [
 "unicode-width",
]

[[package]]
name = "unicode-width"
version = "0.1.6"
source = "registry+https://github.com/rust-lang/crates.io-index"
checksum = "7007dbd421b92cc6e28410fe7362e2e0a2503394908f417b68ec8d1c364c4e20"

[[package]]
name = "unicode-xid"
version = "0.1.0"
source = "registry+https://github.com/rust-lang/crates.io-index"
checksum = "fc72304796d0818e357ead4e000d19c9c174ab23dc11093ac919054d20a6a7fc"

[[package]]
name = "vec_map"
version = "0.8.1"
source = "registry+https://github.com/rust-lang/crates.io-index"
checksum = "05c78687fb1a80548ae3250346c3db86a80a7cdd77bda190189f2d0a0987c81a"

[[package]]
name = "void"
version = "1.0.2"
source = "registry+https://github.com/rust-lang/crates.io-index"
checksum = "6a02e4885ed3bc0f2de90ea6dd45ebcbb66dacffe03547fadbb0eeae2770887d"

[[package]]
name = "walkdir"
version = "2.2.9"
source = "registry+https://github.com/rust-lang/crates.io-index"
checksum = "9658c94fa8b940eab2250bd5a457f9c48b748420d71293b165c8cdbe2f55f71e"
dependencies = [
 "same-file",
 "winapi 0.3.8",
 "winapi-util",
]

[[package]]
name = "wayland-client"
version = "0.23.6"
source = "registry+https://github.com/rust-lang/crates.io-index"
checksum = "af1080ebe0efabcf12aef2132152f616038f2d7dcbbccf7b2d8c5270fe14bcda"
dependencies = [
 "bitflags",
 "calloop",
 "downcast-rs",
 "libc",
 "mio",
 "nix",
 "wayland-commons",
 "wayland-scanner",
 "wayland-sys",
]

[[package]]
name = "wayland-commons"
version = "0.23.6"
source = "registry+https://github.com/rust-lang/crates.io-index"
checksum = "bb66b0d1a27c39bbce712b6372131c6e25149f03ffb0cd017cf8f7de8d66dbdb"
dependencies = [
 "nix",
 "wayland-sys",
]

[[package]]
name = "wayland-protocols"
version = "0.23.6"
source = "registry+https://github.com/rust-lang/crates.io-index"
checksum = "6cc286643656742777d55dc8e70d144fa4699e426ca8e9d4ef454f4bf15ffcf9"
dependencies = [
 "bitflags",
 "wayland-client",
 "wayland-commons",
 "wayland-scanner",
]

[[package]]
name = "wayland-scanner"
version = "0.23.6"
source = "registry+https://github.com/rust-lang/crates.io-index"
checksum = "93b02247366f395b9258054f964fe293ddd019c3237afba9be2ccbe9e1651c3d"
dependencies = [
 "proc-macro2",
 "quote",
 "xml-rs",
]

[[package]]
name = "wayland-sys"
version = "0.23.6"
source = "registry+https://github.com/rust-lang/crates.io-index"
checksum = "d94e89a86e6d6d7c7c9b19ebf48a03afaac4af6bc22ae570e9a24124b75358f4"
dependencies = [
 "dlib",
 "lazy_static",
]

[[package]]
name = "winapi"
version = "0.2.8"
source = "registry+https://github.com/rust-lang/crates.io-index"
checksum = "167dc9d6949a9b857f3451275e911c3f44255842c1f7a76f33c55103a909087a"

[[package]]
name = "winapi"
version = "0.3.8"
source = "registry+https://github.com/rust-lang/crates.io-index"
checksum = "8093091eeb260906a183e6ae1abdba2ef5ef2257a21801128899c3fc699229c6"
dependencies = [
 "winapi-i686-pc-windows-gnu",
 "winapi-x86_64-pc-windows-gnu",
]

[[package]]
name = "winapi-build"
version = "0.1.1"
source = "registry+https://github.com/rust-lang/crates.io-index"
checksum = "2d315eee3b34aca4797b2da6b13ed88266e6d612562a0c46390af8299fc699bc"

[[package]]
name = "winapi-i686-pc-windows-gnu"
version = "0.4.0"
source = "registry+https://github.com/rust-lang/crates.io-index"
checksum = "ac3b87c63620426dd9b991e5ce0329eff545bccbbb34f3be09ff6fb6ab51b7b6"

[[package]]
name = "winapi-util"
version = "0.1.2"
source = "registry+https://github.com/rust-lang/crates.io-index"
checksum = "7168bab6e1daee33b4557efd0e95d5ca70a03706d39fa5f3fe7a236f584b03c9"
dependencies = [
 "winapi 0.3.8",
]

[[package]]
name = "winapi-x86_64-pc-windows-gnu"
version = "0.4.0"
source = "registry+https://github.com/rust-lang/crates.io-index"
checksum = "712e227841d057c1ee1cd2fb22fa7e5a5461ae8e48fa2ca79ec42cfc1931183f"

[[package]]
name = "winit"
version = "0.20.0-alpha3"
source = "registry+https://github.com/rust-lang/crates.io-index"
checksum = "27c947714bd09779bb28fb7ac85685d5b68ab60d17349ed0ea7ae9484726024d"
dependencies = [
 "android_glue",
 "bitflags",
 "calloop",
 "cocoa",
 "core-foundation",
 "core-graphics",
 "core-video-sys",
 "derivative",
 "dispatch",
 "lazy_static",
 "libc",
 "log",
 "objc",
 "parking_lot 0.9.0",
 "percent-encoding",
 "raw-window-handle",
 "smithay-client-toolkit",
 "wayland-client",
 "winapi 0.3.8",
 "x11-dl",
]

[[package]]
name = "ws2_32-sys"
version = "0.2.1"
source = "registry+https://github.com/rust-lang/crates.io-index"
checksum = "d59cefebd0c892fa2dd6de581e937301d8552cb44489cdff035c6187cb63fa5e"
dependencies = [
 "winapi 0.2.8",
 "winapi-build",
]

[[package]]
name = "x11-dl"
version = "2.18.4"
source = "registry+https://github.com/rust-lang/crates.io-index"
checksum = "be65e1342a3baae65439cd03306778831a3d133b0d20243a7fb83fd5cf403c58"
dependencies = [
 "lazy_static",
 "libc",
 "maybe-uninit",
 "pkg-config",
]

[[package]]
name = "xdg"
version = "2.2.0"
source = "registry+https://github.com/rust-lang/crates.io-index"
checksum = "d089681aa106a86fade1b0128fb5daf07d5867a509ab036d99988dec80429a57"

[[package]]
name = "xml-rs"
version = "0.8.0"
source = "registry+https://github.com/rust-lang/crates.io-index"
checksum = "541b12c998c5b56aa2b4e6f18f03664eef9a4fd0a246a55594efae6cc2d964b5"
